
Microsoft Visual Studio Solution File, Format Version 12.00
# Visual Studio Version 17
VisualStudioVersion = 17.9.34622.214
MinimumVisualStudioVersion = 10.0.40219.1
Project("{9A19103F-16F7-4668-BE54-9A1E7A4F7556}") = "SGBL.UI", "SGBL.UI\SGBL.UI\SGBL.UI.csproj", "{D318B895-153C-41E7-9F39-C52C07C6EC84}"
EndProject
Project("{9A19103F-16F7-4668-BE54-9A1E7A4F7556}") = "SGBL.UI.Client", "SGBL.UI\SGBL.UI.Client\SGBL.UI.Client.csproj", "{B0B1B0E2-3878-416B-95B5-8ACE1945F6CD}"
EndProject
Project("{9A19103F-16F7-4668-BE54-9A1E7A4F7556}") = "SGBL.Business", "SGBL.Business\SGBL.Business.csproj", "{B66A93A9-D354-4306-A4A1-DE9729B24AB5}"
EndProject
Project("{9A19103F-16F7-4668-BE54-9A1E7A4F7556}") = "SGBL.Data", "SGBL.Data\SGBL.Data.csproj", "{2CC54C07-F2B9-4BB5-A907-18A20F39404E}"
EndProject
Project("{9A19103F-16F7-4668-BE54-9A1E7A4F7556}") = "SGBL.Test", "SGBL.Test\SGBL.Test.csproj", "{4B07B3C1-BA58-4D24-BCF2-876EEBDD471B}"
EndProject
Project("{9A19103F-16F7-4668-BE54-9A1E7A4F7556}") = "ConnectionTest", "ConnectionTest\ConnectionTest.csproj", "{10E2C60F-9F8B-41F5-9682-0A10B81C7F52}"
EndProject
Global
	GlobalSection(SolutionConfigurationPlatforms) = preSolution
		Debug|Any CPU = Debug|Any CPU
		Release|Any CPU = Release|Any CPU
	EndGlobalSection
	GlobalSection(ProjectConfigurationPlatforms) = postSolution
		{D318B895-153C-41E7-9F39-C52C07C6EC84}.Debug|Any CPU.ActiveCfg = Debug|Any CPU
		{D318B895-153C-41E7-9F39-C52C07C6EC84}.Debug|Any CPU.Build.0 = Debug|Any CPU
		{D318B895-153C-41E7-9F39-C52C07C6EC84}.Release|Any CPU.ActiveCfg = Release|Any CPU
		{D318B895-153C-41E7-9F39-C52C07C6EC84}.Release|Any CPU.Build.0 = Release|Any CPU
		{B0B1B0E2-3878-416B-95B5-8ACE1945F6CD}.Debug|Any CPU.ActiveCfg = Debug|Any CPU
		{B0B1B0E2-3878-416B-95B5-8ACE1945F6CD}.Debug|Any CPU.Build.0 = Debug|Any CPU
		{B0B1B0E2-3878-416B-95B5-8ACE1945F6CD}.Release|Any CPU.ActiveCfg = Release|Any CPU
		{B0B1B0E2-3878-416B-95B5-8ACE1945F6CD}.Release|Any CPU.Build.0 = Release|Any CPU
		{B66A93A9-D354-4306-A4A1-DE9729B24AB5}.Debug|Any CPU.ActiveCfg = Debug|Any CPU
		{B66A93A9-D354-4306-A4A1-DE9729B24AB5}.Debug|Any CPU.Build.0 = Debug|Any CPU
		{B66A93A9-D354-4306-A4A1-DE9729B24AB5}.Release|Any CPU.ActiveCfg = Release|Any CPU
		{B66A93A9-D354-4306-A4A1-DE9729B24AB5}.Release|Any CPU.Build.0 = Release|Any CPU
		{2CC54C07-F2B9-4BB5-A907-18A20F39404E}.Debug|Any CPU.ActiveCfg = Debug|Any CPU
		{2CC54C07-F2B9-4BB5-A907-18A20F39404E}.Debug|Any CPU.Build.0 = Debug|Any CPU
		{2CC54C07-F2B9-4BB5-A907-18A20F39404E}.Release|Any CPU.ActiveCfg = Release|Any CPU
		{2CC54C07-F2B9-4BB5-A907-18A20F39404E}.Release|Any CPU.Build.0 = Release|Any CPU
		{4B07B3C1-BA58-4D24-BCF2-876EEBDD471B}.Debug|Any CPU.ActiveCfg = Debug|Any CPU
		{4B07B3C1-BA58-4D24-BCF2-876EEBDD471B}.Debug|Any CPU.Build.0 = Debug|Any CPU
		{4B07B3C1-BA58-4D24-BCF2-876EEBDD471B}.Release|Any CPU.ActiveCfg = Release|Any CPU
		{4B07B3C1-BA58-4D24-BCF2-876EEBDD471B}.Release|Any CPU.Build.0 = Release|Any CPU
		{10E2C60F-9F8B-41F5-9682-0A10B81C7F52}.Debug|Any CPU.ActiveCfg = Debug|Any CPU
		{10E2C60F-9F8B-41F5-9682-0A10B81C7F52}.Debug|Any CPU.Build.0 = Debug|Any CPU
		{10E2C60F-9F8B-41F5-9682-0A10B81C7F52}.Release|Any CPU.ActiveCfg = Release|Any CPU
		{10E2C60F-9F8B-41F5-9682-0A10B81C7F52}.Release|Any CPU.Build.0 = Release|Any CPU
	EndGlobalSection
	GlobalSection(SolutionProperties) = preSolution
		HideSolutionNode = FALSE
	EndGlobalSection
	GlobalSection(ExtensibilityGlobals) = postSolution
		SolutionGuid = {1DCB80CD-E451-4FEE-B629-F4A23033EE08}
	EndGlobalSection
EndGlobal
